
Microsoft Visual Studio Solution File, Format Version 12.00
# Visual Studio Version 17
VisualStudioVersion = 17.8.34330.188
MinimumVisualStudioVersion = 10.0.40219.1
Project("{9A19103F-16F7-4668-BE54-9A1E7A4F7556}") = "CakesWpf", "CakesWpf\CakesWpf.csproj", "{28E6D12F-7A13-44FD-812D-029AEBB88200}"
EndProject
Project("{9A19103F-16F7-4668-BE54-9A1E7A4F7556}") = "CakesAdvanced", "CakesAdvanced\CakesAdvanced.csproj", "{2FB03769-9E21-4CE7-BE6E-F0302C544C70}"
EndProject
Project("{9A19103F-16F7-4668-BE54-9A1E7A4F7556}") = "CakesBlazor", "CakesBlazor\CakesBlazor.csproj", "{EBB35EFC-0A01-4573-9A6A-213BDD49785D}"
EndProject
Project("{9A19103F-16F7-4668-BE54-9A1E7A4F7556}") = "CakesLibrary", "CakesLibrary\CakesLibrary.csproj", "{FAC65334-B388-4745-BE62-1D8BE71A149D}"
EndProject
Global
	GlobalSection(SolutionConfigurationPlatforms) = preSolution
		Debug|Any CPU = Debug|Any CPU
		Release|Any CPU = Release|Any CPU
	EndGlobalSection
	GlobalSection(ProjectConfigurationPlatforms) = postSolution
		{28E6D12F-7A13-44FD-812D-029AEBB88200}.Debug|Any CPU.ActiveCfg = Debug|Any CPU
		{28E6D12F-7A13-44FD-812D-029AEBB88200}.Debug|Any CPU.Build.0 = Debug|Any CPU
		{28E6D12F-7A13-44FD-812D-029AEBB88200}.Release|Any CPU.ActiveCfg = Release|Any CPU
		{28E6D12F-7A13-44FD-812D-029AEBB88200}.Release|Any CPU.Build.0 = Release|Any CPU
		{2FB03769-9E21-4CE7-BE6E-F0302C544C70}.Debug|Any CPU.ActiveCfg = Debug|Any CPU
		{2FB03769-9E21-4CE7-BE6E-F0302C544C70}.Debug|Any CPU.Build.0 = Debug|Any CPU
		{2FB03769-9E21-4CE7-BE6E-F0302C544C70}.Release|Any CPU.ActiveCfg = Release|Any CPU
		{2FB03769-9E21-4CE7-BE6E-F0302C544C70}.Release|Any CPU.Build.0 = Release|Any CPU
		{EBB35EFC-0A01-4573-9A6A-213BDD49785D}.Debug|Any CPU.ActiveCfg = Debug|Any CPU
		{EBB35EFC-0A01-4573-9A6A-213BDD49785D}.Debug|Any CPU.Build.0 = Debug|Any CPU
		{EBB35EFC-0A01-4573-9A6A-213BDD49785D}.Release|Any CPU.ActiveCfg = Release|Any CPU
		{EBB35EFC-0A01-4573-9A6A-213BDD49785D}.Release|Any CPU.Build.0 = Release|Any CPU
		{FAC65334-B388-4745-BE62-1D8BE71A149D}.Debug|Any CPU.ActiveCfg = Debug|Any CPU
		{FAC65334-B388-4745-BE62-1D8BE71A149D}.Debug|Any CPU.Build.0 = Debug|Any CPU
		{FAC65334-B388-4745-BE62-1D8BE71A149D}.Release|Any CPU.ActiveCfg = Release|Any CPU
		{FAC65334-B388-4745-BE62-1D8BE71A149D}.Release|Any CPU.Build.0 = Release|Any CPU
	EndGlobalSection
	GlobalSection(SolutionProperties) = preSolution
		HideSolutionNode = FALSE
	EndGlobalSection
	GlobalSection(ExtensibilityGlobals) = postSolution
		SolutionGuid = {2B6FCAB6-A9B9-414B-81BA-95F2CBB31FD6}
	EndGlobalSection
EndGlobal
